<?xml version="1.0" encoding="utf-8"?>
<Project ToolsVersion="4.0" xmlns="http://schemas.microsoft.com/developer/msbuild/2003">
  <ItemGroup>
    <ClCompile Include="stdafx.cpp" />
    <ClCompile Include="Main.cpp">
      <Filter>Source</Filter>
    </ClCompile>
    <ClCompile Include="objloader.cpp">
      <Filter>Source</Filter>
    </ClCompile>
    <ClCompile Include="HeightMapManager.cpp">
      <Filter>Source</Filter>
    </ClCompile>
  </ItemGroup>
  <ItemGroup>
    <ClInclude Include="stdafx.h" />
    <ClInclude Include="targetver.h" />
    <ClInclude Include="objloader.hpp">
      <Filter>Headers</Filter>
    </ClInclude>
    <ClInclude Include="HeightMapManager.hpp">
      <Filter>Headers</Filter>
    </ClInclude>
    <ClInclude Include="CImg.h">
      <Filter>Headers</Filter>
    </ClInclude>
  </ItemGroup>
  <ItemGroup>
    <Filter Include="Shaders">
      <UniqueIdentifier>{085da0b6-6cec-4cc3-abdc-51cfcadd2235}</UniqueIdentifier>
    </Filter>
    <Filter Include="Source">
      <UniqueIdentifier>{db513ad1-1b7d-4eef-b645-5ca2afc9a349}</UniqueIdentifier>
    </Filter>
    <Filter Include="Headers">
      <UniqueIdentifier>{18d35e32-3813-47e0-993c-0ca30583a5a1}</UniqueIdentifier>
    </Filter>
  </ItemGroup>
  <ItemGroup>
    <None Include="fragment.shader">
      <Filter>Shaders</Filter>
    </None>
    <None Include="vertex.shader">
      <Filter>Shaders</Filter>
    </None>
  </ItemGroup>
</Project>